
Microsoft Visual Studio Solution File, Format Version 12.00
# Visual Studio Version 17
VisualStudioVersion = 17.0.31903.59
MinimumVisualStudioVersion = 10.0.40219.1
Project("{2150E333-8FDC-42A3-9474-1A3956D46DE8}") = "src", "src", "{5BEDA319-D073-4708-B91B-C1175A78F74D}"
EndProject
Project("{FAE04EC0-301F-11D3-BF4B-00C04F79EFBC}") = "Lesson-1", "src\Lesson-1\Lesson-1.csproj", "{8C54426E-A15E-4A6A-96D5-19B52BD215F7}"
EndProject
Project("{FAE04EC0-301F-11D3-BF4B-00C04F79EFBC}") = "Lesson-2", "src\Lesson-2\Lesson-2.csproj", "{41EAA3E4-4CCD-4A3E-B8B8-0C52826890FC}"
EndProject
Project("{FAE04EC0-301F-11D3-BF4B-00C04F79EFBC}") = "Lesson-3", "src\Lesson-3\Lesson-3.csproj", "{A5DF831F-9DCD-4D07-A096-0BB6F4DA725F}"
EndProject
Global
	GlobalSection(SolutionConfigurationPlatforms) = preSolution
		Debug|Any CPU = Debug|Any CPU
		Release|Any CPU = Release|Any CPU
	EndGlobalSection
	GlobalSection(SolutionProperties) = preSolution
		HideSolutionNode = FALSE
	EndGlobalSection
	GlobalSection(ProjectConfigurationPlatforms) = postSolution
		{8C54426E-A15E-4A6A-96D5-19B52BD215F7}.Debug|Any CPU.ActiveCfg = Debug|Any CPU
		{8C54426E-A15E-4A6A-96D5-19B52BD215F7}.Debug|Any CPU.Build.0 = Debug|Any CPU
		{8C54426E-A15E-4A6A-96D5-19B52BD215F7}.Release|Any CPU.ActiveCfg = Release|Any CPU
		{8C54426E-A15E-4A6A-96D5-19B52BD215F7}.Release|Any CPU.Build.0 = Release|Any CPU
		{41EAA3E4-4CCD-4A3E-B8B8-0C52826890FC}.Debug|Any CPU.ActiveCfg = Debug|Any CPU
		{41EAA3E4-4CCD-4A3E-B8B8-0C52826890FC}.Debug|Any CPU.Build.0 = Debug|Any CPU
		{41EAA3E4-4CCD-4A3E-B8B8-0C52826890FC}.Release|Any CPU.ActiveCfg = Release|Any CPU
		{41EAA3E4-4CCD-4A3E-B8B8-0C52826890FC}.Release|Any CPU.Build.0 = Release|Any CPU
		{A5DF831F-9DCD-4D07-A096-0BB6F4DA725F}.Debug|Any CPU.ActiveCfg = Debug|Any CPU
		{A5DF831F-9DCD-4D07-A096-0BB6F4DA725F}.Debug|Any CPU.Build.0 = Debug|Any CPU
		{A5DF831F-9DCD-4D07-A096-0BB6F4DA725F}.Release|Any CPU.ActiveCfg = Release|Any CPU
		{A5DF831F-9DCD-4D07-A096-0BB6F4DA725F}.Release|Any CPU.Build.0 = Release|Any CPU
	EndGlobalSection
	GlobalSection(NestedProjects) = preSolution
		{8C54426E-A15E-4A6A-96D5-19B52BD215F7} = {5BEDA319-D073-4708-B91B-C1175A78F74D}
		{41EAA3E4-4CCD-4A3E-B8B8-0C52826890FC} = {5BEDA319-D073-4708-B91B-C1175A78F74D}
		{A5DF831F-9DCD-4D07-A096-0BB6F4DA725F} = {5BEDA319-D073-4708-B91B-C1175A78F74D}
	EndGlobalSection
EndGlobal
