
Microsoft Visual Studio Solution File, Format Version 12.00
# Visual Studio Version 17
VisualStudioVersion = 17.0.31903.59
MinimumVisualStudioVersion = 10.0.40219.1
Project("{2150E333-8FDC-42A3-9474-1A3956D46DE8}") = "src", "src", "{5BEDA319-D073-4708-B91B-C1175A78F74D}"
EndProject
Project("{FAE04EC0-301F-11D3-BF4B-00C04F79EFBC}") = "Lesson-1", "src\Lesson-1\Lesson-1.csproj", "{8C54426E-A15E-4A6A-96D5-19B52BD215F7}"
EndProject
Project("{FAE04EC0-301F-11D3-BF4B-00C04F79EFBC}") = "Lesson-2", "src\Lesson-2\Lesson-2.csproj", "{41EAA3E4-4CCD-4A3E-B8B8-0C52826890FC}"
EndProject
Project("{FAE04EC0-301F-11D3-BF4B-00C04F79EFBC}") = "Lesson-3", "src\Lesson-3\Lesson-3.csproj", "{A5DF831F-9DCD-4D07-A096-0BB6F4DA725F}"
EndProject
Project("{FAE04EC0-301F-11D3-BF4B-00C04F79EFBC}") = "Lesson-4", "src\Lesson-4\Lesson-4.csproj", "{E54B2F42-CB6D-410E-881C-FC504CA5407C}"
EndProject
Project("{FAE04EC0-301F-11D3-BF4B-00C04F79EFBC}") = "Lesson-5", "src\Lesson-5\Lesson-5.csproj", "{A5871A43-204D-4C41-A398-DC98B3F0F246}"
EndProject
Project("{FAE04EC0-301F-11D3-BF4B-00C04F79EFBC}") = "Lesson-6", "src\Lesson-6\Lesson-6.csproj", "{EE9C2468-B1E3-4379-816C-182F5340CC64}"
EndProject
Project("{FAE04EC0-301F-11D3-BF4B-00C04F79EFBC}") = "Lesson-7", "src\Lesson-7\Lesson-7.csproj", "{D0276747-74F0-48F7-8ECC-7735F9EFDEDD}"
EndProject
Project("{FAE04EC0-301F-11D3-BF4B-00C04F79EFBC}") = "Lesson-8", "src\Lesson-8\Lesson-8.csproj", "{E69B5E71-9452-444C-86FF-A9A2F516C9A1}"
EndProject
Project("{FAE04EC0-301F-11D3-BF4B-00C04F79EFBC}") = "Lesson-9", "src\Lesson-9\Lesson-9.csproj", "{40202653-2661-408C-BCAA-ED3C6936D2D4}"
EndProject
Project("{FAE04EC0-301F-11D3-BF4B-00C04F79EFBC}") = "Lesson-10", "src\Lesson-10\Lesson-10.csproj", "{50430FFD-27D3-47C3-B84F-093541A60AA0}"
EndProject
Project("{FAE04EC0-301F-11D3-BF4B-00C04F79EFBC}") = "Lesson-11", "src\Lesson-11\Lesson-11.csproj", "{CA87DE9F-060D-4C2B-9EEF-9AE2712FD14E}"
EndProject
Project("{FAE04EC0-301F-11D3-BF4B-00C04F79EFBC}") = "Lesson-12", "src\Lesson-12\Lesson-12.csproj", "{BE750E6B-C4E5-440A-9D3E-E2AF88EFEDC5}"
EndProject
Global
	GlobalSection(SolutionConfigurationPlatforms) = preSolution
		Debug|Any CPU = Debug|Any CPU
		Release|Any CPU = Release|Any CPU
	EndGlobalSection
	GlobalSection(SolutionProperties) = preSolution
		HideSolutionNode = FALSE
	EndGlobalSection
	GlobalSection(ProjectConfigurationPlatforms) = postSolution
		{8C54426E-A15E-4A6A-96D5-19B52BD215F7}.Debug|Any CPU.ActiveCfg = Debug|Any CPU
		{8C54426E-A15E-4A6A-96D5-19B52BD215F7}.Debug|Any CPU.Build.0 = Debug|Any CPU
		{8C54426E-A15E-4A6A-96D5-19B52BD215F7}.Release|Any CPU.ActiveCfg = Release|Any CPU
		{8C54426E-A15E-4A6A-96D5-19B52BD215F7}.Release|Any CPU.Build.0 = Release|Any CPU
		{41EAA3E4-4CCD-4A3E-B8B8-0C52826890FC}.Debug|Any CPU.ActiveCfg = Debug|Any CPU
		{41EAA3E4-4CCD-4A3E-B8B8-0C52826890FC}.Debug|Any CPU.Build.0 = Debug|Any CPU
		{41EAA3E4-4CCD-4A3E-B8B8-0C52826890FC}.Release|Any CPU.ActiveCfg = Release|Any CPU
		{41EAA3E4-4CCD-4A3E-B8B8-0C52826890FC}.Release|Any CPU.Build.0 = Release|Any CPU
		{A5DF831F-9DCD-4D07-A096-0BB6F4DA725F}.Debug|Any CPU.ActiveCfg = Debug|Any CPU
		{A5DF831F-9DCD-4D07-A096-0BB6F4DA725F}.Debug|Any CPU.Build.0 = Debug|Any CPU
		{A5DF831F-9DCD-4D07-A096-0BB6F4DA725F}.Release|Any CPU.ActiveCfg = Release|Any CPU
		{A5DF831F-9DCD-4D07-A096-0BB6F4DA725F}.Release|Any CPU.Build.0 = Release|Any CPU
		{E54B2F42-CB6D-410E-881C-FC504CA5407C}.Debug|Any CPU.ActiveCfg = Debug|Any CPU
		{E54B2F42-CB6D-410E-881C-FC504CA5407C}.Debug|Any CPU.Build.0 = Debug|Any CPU
		{E54B2F42-CB6D-410E-881C-FC504CA5407C}.Release|Any CPU.ActiveCfg = Release|Any CPU
		{E54B2F42-CB6D-410E-881C-FC504CA5407C}.Release|Any CPU.Build.0 = Release|Any CPU
		{A5871A43-204D-4C41-A398-DC98B3F0F246}.Debug|Any CPU.ActiveCfg = Debug|Any CPU
		{A5871A43-204D-4C41-A398-DC98B3F0F246}.Debug|Any CPU.Build.0 = Debug|Any CPU
		{A5871A43-204D-4C41-A398-DC98B3F0F246}.Release|Any CPU.ActiveCfg = Release|Any CPU
		{A5871A43-204D-4C41-A398-DC98B3F0F246}.Release|Any CPU.Build.0 = Release|Any CPU
		{EE9C2468-B1E3-4379-816C-182F5340CC64}.Debug|Any CPU.ActiveCfg = Debug|Any CPU
		{EE9C2468-B1E3-4379-816C-182F5340CC64}.Debug|Any CPU.Build.0 = Debug|Any CPU
		{EE9C2468-B1E3-4379-816C-182F5340CC64}.Release|Any CPU.ActiveCfg = Release|Any CPU
		{EE9C2468-B1E3-4379-816C-182F5340CC64}.Release|Any CPU.Build.0 = Release|Any CPU
		{D0276747-74F0-48F7-8ECC-7735F9EFDEDD}.Debug|Any CPU.ActiveCfg = Debug|Any CPU
		{D0276747-74F0-48F7-8ECC-7735F9EFDEDD}.Debug|Any CPU.Build.0 = Debug|Any CPU
		{D0276747-74F0-48F7-8ECC-7735F9EFDEDD}.Release|Any CPU.ActiveCfg = Release|Any CPU
		{D0276747-74F0-48F7-8ECC-7735F9EFDEDD}.Release|Any CPU.Build.0 = Release|Any CPU
		{E69B5E71-9452-444C-86FF-A9A2F516C9A1}.Debug|Any CPU.ActiveCfg = Debug|Any CPU
		{E69B5E71-9452-444C-86FF-A9A2F516C9A1}.Debug|Any CPU.Build.0 = Debug|Any CPU
		{E69B5E71-9452-444C-86FF-A9A2F516C9A1}.Release|Any CPU.ActiveCfg = Release|Any CPU
		{E69B5E71-9452-444C-86FF-A9A2F516C9A1}.Release|Any CPU.Build.0 = Release|Any CPU
		{40202653-2661-408C-BCAA-ED3C6936D2D4}.Debug|Any CPU.ActiveCfg = Debug|Any CPU
		{40202653-2661-408C-BCAA-ED3C6936D2D4}.Debug|Any CPU.Build.0 = Debug|Any CPU
		{40202653-2661-408C-BCAA-ED3C6936D2D4}.Release|Any CPU.ActiveCfg = Release|Any CPU
		{40202653-2661-408C-BCAA-ED3C6936D2D4}.Release|Any CPU.Build.0 = Release|Any CPU
		{50430FFD-27D3-47C3-B84F-093541A60AA0}.Debug|Any CPU.ActiveCfg = Debug|Any CPU
		{50430FFD-27D3-47C3-B84F-093541A60AA0}.Debug|Any CPU.Build.0 = Debug|Any CPU
		{50430FFD-27D3-47C3-B84F-093541A60AA0}.Release|Any CPU.ActiveCfg = Release|Any CPU
		{50430FFD-27D3-47C3-B84F-093541A60AA0}.Release|Any CPU.Build.0 = Release|Any CPU
		{CA87DE9F-060D-4C2B-9EEF-9AE2712FD14E}.Debug|Any CPU.ActiveCfg = Debug|Any CPU
		{CA87DE9F-060D-4C2B-9EEF-9AE2712FD14E}.Debug|Any CPU.Build.0 = Debug|Any CPU
		{CA87DE9F-060D-4C2B-9EEF-9AE2712FD14E}.Release|Any CPU.ActiveCfg = Release|Any CPU
		{CA87DE9F-060D-4C2B-9EEF-9AE2712FD14E}.Release|Any CPU.Build.0 = Release|Any CPU
		{BE750E6B-C4E5-440A-9D3E-E2AF88EFEDC5}.Debug|Any CPU.ActiveCfg = Debug|Any CPU
		{BE750E6B-C4E5-440A-9D3E-E2AF88EFEDC5}.Debug|Any CPU.Build.0 = Debug|Any CPU
		{BE750E6B-C4E5-440A-9D3E-E2AF88EFEDC5}.Release|Any CPU.ActiveCfg = Release|Any CPU
		{BE750E6B-C4E5-440A-9D3E-E2AF88EFEDC5}.Release|Any CPU.Build.0 = Release|Any CPU
	EndGlobalSection
	GlobalSection(NestedProjects) = preSolution
		{8C54426E-A15E-4A6A-96D5-19B52BD215F7} = {5BEDA319-D073-4708-B91B-C1175A78F74D}
		{41EAA3E4-4CCD-4A3E-B8B8-0C52826890FC} = {5BEDA319-D073-4708-B91B-C1175A78F74D}
		{A5DF831F-9DCD-4D07-A096-0BB6F4DA725F} = {5BEDA319-D073-4708-B91B-C1175A78F74D}
		{E54B2F42-CB6D-410E-881C-FC504CA5407C} = {5BEDA319-D073-4708-B91B-C1175A78F74D}
		{A5871A43-204D-4C41-A398-DC98B3F0F246} = {5BEDA319-D073-4708-B91B-C1175A78F74D}
		{EE9C2468-B1E3-4379-816C-182F5340CC64} = {5BEDA319-D073-4708-B91B-C1175A78F74D}
		{D0276747-74F0-48F7-8ECC-7735F9EFDEDD} = {5BEDA319-D073-4708-B91B-C1175A78F74D}
		{E69B5E71-9452-444C-86FF-A9A2F516C9A1} = {5BEDA319-D073-4708-B91B-C1175A78F74D}
		{40202653-2661-408C-BCAA-ED3C6936D2D4} = {5BEDA319-D073-4708-B91B-C1175A78F74D}
		{50430FFD-27D3-47C3-B84F-093541A60AA0} = {5BEDA319-D073-4708-B91B-C1175A78F74D}
		{CA87DE9F-060D-4C2B-9EEF-9AE2712FD14E} = {5BEDA319-D073-4708-B91B-C1175A78F74D}
		{BE750E6B-C4E5-440A-9D3E-E2AF88EFEDC5} = {5BEDA319-D073-4708-B91B-C1175A78F74D}
	EndGlobalSection
EndGlobal
